
Microsoft Visual Studio Solution File, Format Version 12.00
# Visual Studio Version 17
VisualStudioVersion = 17.2.32516.85
MinimumVisualStudioVersion = 10.0.40219.1
Project("{FAE04EC0-301F-11D3-BF4B-00C04F79EFBC}") = "N3rdyDesigner.Android", "N3rdyDesigner\N3rdyDesigner.Android\N3rdyDesigner.Android.csproj", "{C218F344-58FA-4159-8AB7-19F0F6AB3EE4}"
EndProject
Project("{FAE04EC0-301F-11D3-BF4B-00C04F79EFBC}") = "N3rdyDesigner", "N3rdyDesigner\N3rdyDesigner\N3rdyDesigner.csproj", "{955B069E-22EA-4817-B842-F4D097DC0B49}"
EndProject
Global
	GlobalSection(SolutionConfigurationPlatforms) = preSolution
		Debug|Any CPU = Debug|Any CPU
		Release|Any CPU = Release|Any CPU
	EndGlobalSection
	GlobalSection(ProjectConfigurationPlatforms) = postSolution
		{C218F344-58FA-4159-8AB7-19F0F6AB3EE4}.Debug|Any CPU.ActiveCfg = Debug|Any CPU
		{C218F344-58FA-4159-8AB7-19F0F6AB3EE4}.Debug|Any CPU.Build.0 = Debug|Any CPU
		{C218F344-58FA-4159-8AB7-19F0F6AB3EE4}.Debug|Any CPU.Deploy.0 = Debug|Any CPU
		{C218F344-58FA-4159-8AB7-19F0F6AB3EE4}.Release|Any CPU.ActiveCfg = Release|Any CPU
		{C218F344-58FA-4159-8AB7-19F0F6AB3EE4}.Release|Any CPU.Build.0 = Release|Any CPU
		{C218F344-58FA-4159-8AB7-19F0F6AB3EE4}.Release|Any CPU.Deploy.0 = Release|Any CPU
		{955B069E-22EA-4817-B842-F4D097DC0B49}.Debug|Any CPU.ActiveCfg = Debug|Any CPU
		{955B069E-22EA-4817-B842-F4D097DC0B49}.Debug|Any CPU.Build.0 = Debug|Any CPU
		{955B069E-22EA-4817-B842-F4D097DC0B49}.Debug|Any CPU.Deploy.0 = Debug|Any CPU
		{955B069E-22EA-4817-B842-F4D097DC0B49}.Release|Any CPU.ActiveCfg = Release|Any CPU
		{955B069E-22EA-4817-B842-F4D097DC0B49}.Release|Any CPU.Build.0 = Release|Any CPU
		{955B069E-22EA-4817-B842-F4D097DC0B49}.Release|Any CPU.Deploy.0 = Release|Any CPU
	EndGlobalSection
	GlobalSection(SolutionProperties) = preSolution
		HideSolutionNode = FALSE
	EndGlobalSection
	GlobalSection(ExtensibilityGlobals) = postSolution
		SolutionGuid = {E25AE529-E295-4329-AF92-F6723CD6DC59}
	EndGlobalSection
EndGlobal
